
Microsoft Visual Studio Solution File, Format Version 12.00
# Visual Studio 15
VisualStudioVersion = 15.0.28010.2048
MinimumVisualStudioVersion = 10.0.40219.1
Project("{9A19103F-16F7-4668-BE54-9A1E7A4F7556}") = "FileDownloader.Core", "src\FileDownloader.Core\FileDownloader.Core.csproj", "{1D7EAB9F-E222-46D4-899E-01C6780C7A40}"
EndProject
Project("{9A19103F-16F7-4668-BE54-9A1E7A4F7556}") = "FileDownloader.Infrastructure", "src\FileDownloader.Infrastructure\FileDownloader.Infrastructure.csproj", "{22078C80-7342-4249-AD6B-50CC5477AD9E}"
EndProject
Project("{9A19103F-16F7-4668-BE54-9A1E7A4F7556}") = "FileDownloader.Web", "src\FileDownloader.Web\FileDownloader.Web.csproj", "{051D7285-BC00-48F9-94AC-1F830CCDA886}"
EndProject
Project("{FAE04EC0-301F-11D3-BF4B-00C04F79EFBC}") = "FileDownloader.Console", "src\FileDownloader.Console\FileDownloader.Console.csproj", "{AC0D9E3E-4F6F-47E0-BB40-A210023FAEB4}"
EndProject
Project("{FAE04EC0-301F-11D3-BF4B-00C04F79EFBC}") = "FileDownloader.Tests", "test\FileDownloader.Tests\FileDownloader.Tests.csproj", "{EF3D21B5-13E8-4971-926A-52F1A370F620}"
EndProject
Global
	GlobalSection(SolutionConfigurationPlatforms) = preSolution
		Debug|Any CPU = Debug|Any CPU
		Release|Any CPU = Release|Any CPU
	EndGlobalSection
	GlobalSection(ProjectConfigurationPlatforms) = postSolution
		{1D7EAB9F-E222-46D4-899E-01C6780C7A40}.Debug|Any CPU.ActiveCfg = Debug|Any CPU
		{1D7EAB9F-E222-46D4-899E-01C6780C7A40}.Debug|Any CPU.Build.0 = Debug|Any CPU
		{1D7EAB9F-E222-46D4-899E-01C6780C7A40}.Release|Any CPU.ActiveCfg = Release|Any CPU
		{1D7EAB9F-E222-46D4-899E-01C6780C7A40}.Release|Any CPU.Build.0 = Release|Any CPU
		{22078C80-7342-4249-AD6B-50CC5477AD9E}.Debug|Any CPU.ActiveCfg = Debug|Any CPU
		{22078C80-7342-4249-AD6B-50CC5477AD9E}.Debug|Any CPU.Build.0 = Debug|Any CPU
		{22078C80-7342-4249-AD6B-50CC5477AD9E}.Release|Any CPU.ActiveCfg = Release|Any CPU
		{22078C80-7342-4249-AD6B-50CC5477AD9E}.Release|Any CPU.Build.0 = Release|Any CPU
		{051D7285-BC00-48F9-94AC-1F830CCDA886}.Debug|Any CPU.ActiveCfg = Debug|Any CPU
		{051D7285-BC00-48F9-94AC-1F830CCDA886}.Debug|Any CPU.Build.0 = Debug|Any CPU
		{051D7285-BC00-48F9-94AC-1F830CCDA886}.Release|Any CPU.ActiveCfg = Release|Any CPU
		{051D7285-BC00-48F9-94AC-1F830CCDA886}.Release|Any CPU.Build.0 = Release|Any CPU
		{AC0D9E3E-4F6F-47E0-BB40-A210023FAEB4}.Debug|Any CPU.ActiveCfg = Debug|Any CPU
		{AC0D9E3E-4F6F-47E0-BB40-A210023FAEB4}.Debug|Any CPU.Build.0 = Debug|Any CPU
		{AC0D9E3E-4F6F-47E0-BB40-A210023FAEB4}.Release|Any CPU.ActiveCfg = Release|Any CPU
		{AC0D9E3E-4F6F-47E0-BB40-A210023FAEB4}.Release|Any CPU.Build.0 = Release|Any CPU
		{EF3D21B5-13E8-4971-926A-52F1A370F620}.Debug|Any CPU.ActiveCfg = Debug|Any CPU
		{EF3D21B5-13E8-4971-926A-52F1A370F620}.Debug|Any CPU.Build.0 = Debug|Any CPU
		{EF3D21B5-13E8-4971-926A-52F1A370F620}.Release|Any CPU.ActiveCfg = Release|Any CPU
		{EF3D21B5-13E8-4971-926A-52F1A370F620}.Release|Any CPU.Build.0 = Release|Any CPU
	EndGlobalSection
	GlobalSection(SolutionProperties) = preSolution
		HideSolutionNode = FALSE
	EndGlobalSection
	GlobalSection(ExtensibilityGlobals) = postSolution
		SolutionGuid = {FC5C6606-9E1D-4E52-9EAF-5E89C9940063}
	EndGlobalSection
EndGlobal
